// !$*UTF8*$!
{
	archiveVersion = 1;
	classes = {
	};
	objectVersion = 46;
	objects = {

/* Begin PBXBuildFile section */
		567DCBFE19EED08F0054A979 /* Rate.m in Sources */ = {isa = PBXBuildFile; fileRef = 567DCBFD19EED08F0054A979 /* Rate.m */; };
		567DCC0119EED1310054A979 /* FFUser.m in Sources */ = {isa = PBXBuildFile; fileRef = 567DCC0019EED1310054A979 /* FFUser.m */; };
		56CA4470196F1B16002B67C0 /* main.m in Sources */ = {isa = PBXBuildFile; fileRef = 56CA446F196F1B16002B67C0 /* main.m */; };
		56CA4473196F1B16002B67C0 /* AppDelegate.m in Sources */ = {isa = PBXBuildFile; fileRef = 56CA4472196F1B16002B67C0 /* AppDelegate.m */; };
		56CA4476196F1B16002B67C0 /* FaceSearch.xcdatamodeld in Sources */ = {isa = PBXBuildFile; fileRef = 56CA4474196F1B16002B67C0 /* FaceSearch.xcdatamodeld */; };
		56CA4479196F1B16002B67C0 /* FriendRequestViewController.m in Sources */ = {isa = PBXBuildFile; fileRef = 56CA4478196F1B16002B67C0 /* FriendRequestViewController.m */; };
		56CA447C196F1B16002B67C0 /* Main.storyboard in Resources */ = {isa = PBXBuildFile; fileRef = 56CA447A196F1B16002B67C0 /* Main.storyboard */; };
		56CA447E196F1B16002B67C0 /* Images.xcassets in Resources */ = {isa = PBXBuildFile; fileRef = 56CA447D196F1B16002B67C0 /* Images.xcassets */; };
		56CA448A196F1B16002B67C0 /* FaceSearchTests.m in Sources */ = {isa = PBXBuildFile; fileRef = 56CA4489196F1B16002B67C0 /* FaceSearchTests.m */; };
		56CA449A196F1B47002B67C0 /* ChatRoomViewController.m in Sources */ = {isa = PBXBuildFile; fileRef = 56CA4495196F1B47002B67C0 /* ChatRoomViewController.m */; };
		56CA449B196F1B47002B67C0 /* ChatsViewController.m in Sources */ = {isa = PBXBuildFile; fileRef = 56CA4497196F1B47002B67C0 /* ChatsViewController.m */; };
		56CA449C196F1B47002B67C0 /* MapViewController.m in Sources */ = {isa = PBXBuildFile; fileRef = 56CA4499196F1B47002B67C0 /* MapViewController.m */; };
		56CA449E196F1D9B002B67C0 /* MapKit.framework in Frameworks */ = {isa = PBXBuildFile; fileRef = 56CA449D196F1D9B002B67C0 /* MapKit.framework */; };
		56CA44A0196F1DA4002B67C0 /* CoreData.framework in Frameworks */ = {isa = PBXBuildFile; fileRef = 56CA449F196F1DA4002B67C0 /* CoreData.framework */; };
		56CA44A2196F1DB8002B67C0 /* UIKit.framework in Frameworks */ = {isa = PBXBuildFile; fileRef = 56CA44A1196F1DB8002B67C0 /* UIKit.framework */; };
		56CA44A4196F203E002B67C0 /* SettingsViewController.m in Sources */ = {isa = PBXBuildFile; fileRef = 56CA44A3196F203E002B67C0 /* SettingsViewController.m */; };
/* End PBXBuildFile section */

/* Begin PBXContainerItemProxy section */
		56CA4484196F1B16002B67C0 /* PBXContainerItemProxy */ = {
			isa = PBXContainerItemProxy;
			containerPortal = 56CA4462196F1B16002B67C0 /* Project object */;
			proxyType = 1;
			remoteGlobalIDString = 56CA4469196F1B16002B67C0;
			remoteInfo = FaceSearch;
		};
/* End PBXContainerItemProxy section */

/* Begin PBXFileReference section */
		567DCBFD19EED08F0054A979 /* Rate.m */ = {isa = PBXFileReference; fileEncoding = 4; lastKnownFileType = sourcecode.c.objc; path = Rate.m; sourceTree = "<group>"; };
		567DCBFF19EED09D0054A979 /* Rate.h */ = {isa = PBXFileReference; lastKnownFileType = sourcecode.c.h; path = Rate.h; sourceTree = "<group>"; };
		567DCC0019EED1310054A979 /* FFUser.m */ = {isa = PBXFileReference; fileEncoding = 4; lastKnownFileType = sourcecode.c.objc; path = FFUser.m; sourceTree = "<group>"; };
		567DCC0219EED13E0054A979 /* FFUser.h */ = {isa = PBXFileReference; lastKnownFileType = sourcecode.c.h; path = FFUser.h; sourceTree = "<group>"; };
		56CA446A196F1B16002B67C0 /* FaceSearch.app */ = {isa = PBXFileReference; explicitFileType = wrapper.application; includeInIndex = 0; path = FaceSearch.app; sourceTree = BUILT_PRODUCTS_DIR; };
		56CA446E196F1B16002B67C0 /* Info.plist */ = {isa = PBXFileReference; lastKnownFileType = text.plist.xml; path = Info.plist; sourceTree = "<group>"; };
		56CA446F196F1B16002B67C0 /* main.m */ = {isa = PBXFileReference; lastKnownFileType = sourcecode.c.objc; path = main.m; sourceTree = "<group>"; };
		56CA4471196F1B16002B67C0 /* AppDelegate.h */ = {isa = PBXFileReference; lastKnownFileType = sourcecode.c.h; path = AppDelegate.h; sourceTree = "<group>"; };
		56CA4472196F1B16002B67C0 /* AppDelegate.m */ = {isa = PBXFileReference; lastKnownFileType = sourcecode.c.objc; path = AppDelegate.m; sourceTree = "<group>"; };
		56CA4475196F1B16002B67C0 /* FaceSearch.xcdatamodel */ = {isa = PBXFileReference; lastKnownFileType = wrapper.xcdatamodel; path = FaceSearch.xcdatamodel; sourceTree = "<group>"; };
		56CA4477196F1B16002B67C0 /* FriendRequestViewController.h */ = {isa = PBXFileReference; lastKnownFileType = sourcecode.c.h; name = FriendRequestViewController.h; path = ../../../../FaceSearch/FaceSearch/FriendRequestViewController.h; sourceTree = "<group>"; };
		56CA4478196F1B16002B67C0 /* FriendRequestViewController.m */ = {isa = PBXFileReference; lastKnownFileType = sourcecode.c.objc; name = FriendRequestViewController.m; path = ../../../../FaceSearch/FaceSearch/FriendRequestViewController.m; sourceTree = "<group>"; };
		56CA447B196F1B16002B67C0 /* Base */ = {isa = PBXFileReference; lastKnownFileType = file.storyboard; name = Base; path = Base.lproj/Main.storyboard; sourceTree = "<group>"; };
		56CA447D196F1B16002B67C0 /* Images.xcassets */ = {isa = PBXFileReference; lastKnownFileType = folder.assetcatalog; path = Images.xcassets; sourceTree = "<group>"; };
		56CA4483196F1B16002B67C0 /* FaceSearchTests.xctest */ = {isa = PBXFileReference; explicitFileType = wrapper.cfbundle; includeInIndex = 0; path = FaceSearchTests.xctest; sourceTree = BUILT_PRODUCTS_DIR; };
		56CA4488196F1B16002B67C0 /* Info.plist */ = {isa = PBXFileReference; lastKnownFileType = text.plist.xml; path = Info.plist; sourceTree = "<group>"; };
		56CA4489196F1B16002B67C0 /* FaceSearchTests.m */ = {isa = PBXFileReference; lastKnownFileType = sourcecode.c.objc; path = FaceSearchTests.m; sourceTree = "<group>"; };
		56CA4494196F1B47002B67C0 /* ChatRoomViewController.h */ = {isa = PBXFileReference; fileEncoding = 4; lastKnownFileType = sourcecode.c.h; path = ChatRoomViewController.h; sourceTree = "<group>"; };
		56CA4495196F1B47002B67C0 /* ChatRoomViewController.m */ = {isa = PBXFileReference; fileEncoding = 4; lastKnownFileType = sourcecode.c.objc; path = ChatRoomViewController.m; sourceTree = "<group>"; };
		56CA4496196F1B47002B67C0 /* ChatsViewController.h */ = {isa = PBXFileReference; fileEncoding = 4; lastKnownFileType = sourcecode.c.h; path = ChatsViewController.h; sourceTree = "<group>"; };
		56CA4497196F1B47002B67C0 /* ChatsViewController.m */ = {isa = PBXFileReference; fileEncoding = 4; lastKnownFileType = sourcecode.c.objc; path = ChatsViewController.m; sourceTree = "<group>"; };
		56CA4498196F1B47002B67C0 /* MapViewController.h */ = {isa = PBXFileReference; fileEncoding = 4; lastKnownFileType = sourcecode.c.h; path = MapViewController.h; sourceTree = "<group>"; };
		56CA4499196F1B47002B67C0 /* MapViewController.m */ = {isa = PBXFileReference; fileEncoding = 4; lastKnownFileType = sourcecode.c.objc; path = MapViewController.m; sourceTree = "<group>"; };
		56CA449D196F1D9B002B67C0 /* MapKit.framework */ = {isa = PBXFileReference; lastKnownFileType = wrapper.framework; name = MapKit.framework; path = System/Library/Frameworks/MapKit.framework; sourceTree = SDKROOT; };
		56CA449F196F1DA4002B67C0 /* CoreData.framework */ = {isa = PBXFileReference; lastKnownFileType = wrapper.framework; name = CoreData.framework; path = System/Library/Frameworks/CoreData.framework; sourceTree = SDKROOT; };
		56CA44A1196F1DB8002B67C0 /* UIKit.framework */ = {isa = PBXFileReference; lastKnownFileType = wrapper.framework; name = UIKit.framework; path = System/Library/Frameworks/UIKit.framework; sourceTree = SDKROOT; };
		56CA44A3196F203E002B67C0 /* SettingsViewController.m */ = {isa = PBXFileReference; fileEncoding = 4; lastKnownFileType = sourcecode.c.objc; path = SettingsViewController.m; sourceTree = "<group>"; };
		56CA44A5196F204D002B67C0 /* SettingsViewController.h */ = {isa = PBXFileReference; lastKnownFileType = sourcecode.c.h; path = SettingsViewController.h; sourceTree = "<group>"; };
/* End PBXFileReference section */

/* Begin PBXFrameworksBuildPhase section */
		56CA4467196F1B16002B67C0 /* Frameworks */ = {
			isa = PBXFrameworksBuildPhase;
			buildActionMask = 2147483647;
			files = (
				56CA44A2196F1DB8002B67C0 /* UIKit.framework in Frameworks */,
				56CA44A0196F1DA4002B67C0 /* CoreData.framework in Frameworks */,
				56CA449E196F1D9B002B67C0 /* MapKit.framework in Frameworks */,
			);
			runOnlyForDeploymentPostprocessing = 0;
		};
		56CA4480196F1B16002B67C0 /* Frameworks */ = {
			isa = PBXFrameworksBuildPhase;
			buildActionMask = 2147483647;
			files = (
			);
			runOnlyForDeploymentPostprocessing = 0;
		};
/* End PBXFrameworksBuildPhase section */

/* Begin PBXGroup section */
		567DCBFC19EED0680054A979 /* FaceFinderObjects */ = {
			isa = PBXGroup;
			children = (
				567DCBFF19EED09D0054A979 /* Rate.h */,
				567DCBFD19EED08F0054A979 /* Rate.m */,
				567DCC0219EED13E0054A979 /* FFUser.h */,
				567DCC0019EED1310054A979 /* FFUser.m */,
			);
			name = FaceFinderObjects;
			sourceTree = "<group>";
		};
		56CA4461196F1B16002B67C0 = {
			isa = PBXGroup;
			children = (
				56CA446C196F1B16002B67C0 /* FaceSearch */,
				56CA4486196F1B16002B67C0 /* FaceSearchTests */,
				56CA446B196F1B16002B67C0 /* Products */,
				56CA449F196F1DA4002B67C0 /* CoreData.framework */,
				56CA449D196F1D9B002B67C0 /* MapKit.framework */,
				56CA44A1196F1DB8002B67C0 /* UIKit.framework */,
			);
			sourceTree = "<group>";
		};
		56CA446B196F1B16002B67C0 /* Products */ = {
			isa = PBXGroup;
			children = (
				56CA446A196F1B16002B67C0 /* FaceSearch.app */,
				56CA4483196F1B16002B67C0 /* FaceSearchTests.xctest */,
			);
			name = Products;
			sourceTree = "<group>";
		};
		56CA446C196F1B16002B67C0 /* FaceSearch */ = {
			isa = PBXGroup;
			children = (
				56CA4471196F1B16002B67C0 /* AppDelegate.h */,
				56CA4472196F1B16002B67C0 /* AppDelegate.m */,
				56CA447A196F1B16002B67C0 /* Main.storyboard */,
				567DCBFC19EED0680054A979 /* FaceFinderObjects */,
				56CA4493196F1B47002B67C0 /* ViewControllers */,
				56CA447D196F1B16002B67C0 /* Images.xcassets */,
				56CA4474196F1B16002B67C0 /* FaceSearch.xcdatamodeld */,
				56CA446D196F1B16002B67C0 /* Supporting Files */,
			);
			path = FaceSearch;
			sourceTree = "<group>";
		};
		56CA446D196F1B16002B67C0 /* Supporting Files */ = {
			isa = PBXGroup;
			children = (
				56CA446E196F1B16002B67C0 /* Info.plist */,
				56CA446F196F1B16002B67C0 /* main.m */,
			);
			name = "Supporting Files";
			sourceTree = "<group>";
		};
		56CA4486196F1B16002B67C0 /* FaceSearchTests */ = {
			isa = PBXGroup;
			children = (
				56CA4489196F1B16002B67C0 /* FaceSearchTests.m */,
				56CA4487196F1B16002B67C0 /* Supporting Files */,
			);
			path = FaceSearchTests;
			sourceTree = "<group>";
		};
		56CA4487196F1B16002B67C0 /* Supporting Files */ = {
			isa = PBXGroup;
			children = (
				56CA4488196F1B16002B67C0 /* Info.plist */,
			);
			name = "Supporting Files";
			sourceTree = "<group>";
		};
		56CA4493196F1B47002B67C0 /* ViewControllers */ = {
			isa = PBXGroup;
			children = (
				56CA4496196F1B47002B67C0 /* ChatsViewController.h */,
				56CA4497196F1B47002B67C0 /* ChatsViewController.m */,
				56CA4494196F1B47002B67C0 /* ChatRoomViewController.h */,
				56CA4495196F1B47002B67C0 /* ChatRoomViewController.m */,
				56CA4477196F1B16002B67C0 /* FriendRequestViewController.h */,
				56CA4478196F1B16002B67C0 /* FriendRequestViewController.m */,
				56CA4498196F1B47002B67C0 /* MapViewController.h */,
				56CA4499196F1B47002B67C0 /* MapViewController.m */,
				56CA44A5196F204D002B67C0 /* SettingsViewController.h */,
				56CA44A3196F203E002B67C0 /* SettingsViewController.m */,
			);
			name = ViewControllers;
			path = ../../FaceFinder/FaceFinder/FaceFinder/ViewControllers;
			sourceTree = "<group>";
		};
/* End PBXGroup section */

/* Begin PBXNativeTarget section */
		56CA4469196F1B16002B67C0 /* FaceSearch */ = {
			isa = PBXNativeTarget;
			buildConfigurationList = 56CA448D196F1B16002B67C0 /* Build configuration list for PBXNativeTarget "FaceSearch" */;
			buildPhases = (
				56CA4466196F1B16002B67C0 /* Sources */,
				56CA4467196F1B16002B67C0 /* Frameworks */,
				56CA4468196F1B16002B67C0 /* Resources */,
			);
			buildRules = (
			);
			dependencies = (
			);
			name = FaceSearch;
			productName = FaceSearch;
			productReference = 56CA446A196F1B16002B67C0 /* FaceSearch.app */;
			productType = "com.apple.product-type.application";
		};
		56CA4482196F1B16002B67C0 /* FaceSearchTests */ = {
			isa = PBXNativeTarget;
			buildConfigurationList = 56CA4490196F1B16002B67C0 /* Build configuration list for PBXNativeTarget "FaceSearchTests" */;
			buildPhases = (
				56CA447F196F1B16002B67C0 /* Sources */,
				56CA4480196F1B16002B67C0 /* Frameworks */,
				56CA4481196F1B16002B67C0 /* Resources */,
			);
			buildRules = (
			);
			dependencies = (
				56CA4485196F1B16002B67C0 /* PBXTargetDependency */,
			);
			name = FaceSearchTests;
			productName = FaceSearchTests;
			productReference = 56CA4483196F1B16002B67C0 /* FaceSearchTests.xctest */;
			productType = "com.apple.product-type.bundle.unit-test";
		};
/* End PBXNativeTarget section */

/* Begin PBXProject section */
		56CA4462196F1B16002B67C0 /* Project object */ = {
			isa = PBXProject;
			attributes = {
				LastUpgradeCheck = 0600;
				ORGANIZATIONNAME = Contract;
				TargetAttributes = {
					56CA4469196F1B16002B67C0 = {
						CreatedOnToolsVersion = 6.0;
					};
					56CA4482196F1B16002B67C0 = {
						CreatedOnToolsVersion = 6.0;
						TestTargetID = 56CA4469196F1B16002B67C0;
					};
				};
			};
			buildConfigurationList = 56CA4465196F1B16002B67C0 /* Build configuration list for PBXProject "FaceSearch" */;
			compatibilityVersion = "Xcode 3.2";
			developmentRegion = English;
			hasScannedForEncodings = 0;
			knownRegions = (
				en,
				Base,
			);
			mainGroup = 56CA4461196F1B16002B67C0;
			productRefGroup = 56CA446B196F1B16002B67C0 /* Products */;
			projectDirPath = "";
			projectRoot = "";
			targets = (
				56CA4469196F1B16002B67C0 /* FaceSearch */,
				56CA4482196F1B16002B67C0 /* FaceSearchTests */,
			);
		};
/* End PBXProject section */

/* Begin PBXResourcesBuildPhase section */
		56CA4468196F1B16002B67C0 /* Resources */ = {
			isa = PBXResourcesBuildPhase;
			buildActionMask = 2147483647;
			files = (
				56CA447C196F1B16002B67C0 /* Main.storyboard in Resources */,
				56CA447E196F1B16002B67C0 /* Images.xcassets in Resources */,
			);
			runOnlyForDeploymentPostprocessing = 0;
		};
		56CA4481196F1B16002B67C0 /* Resources */ = {
			isa = PBXResourcesBuildPhase;
			buildActionMask = 2147483647;
			files = (
			);
			runOnlyForDeploymentPostprocessing = 0;
		};
/* End PBXResourcesBuildPhase section */

/* Begin PBXSourcesBuildPhase section */
		56CA4466196F1B16002B67C0 /* Sources */ = {
			isa = PBXSourcesBuildPhase;
			buildActionMask = 2147483647;
			files = (
				56CA449B196F1B47002B67C0 /* ChatsViewController.m in Sources */,
				56CA4473196F1B16002B67C0 /* AppDelegate.m in Sources */,
				56CA4476196F1B16002B67C0 /* FaceSearch.xcdatamodeld in Sources */,
				567DCBFE19EED08F0054A979 /* Rate.m in Sources */,
				567DCC0119EED1310054A979 /* FFUser.m in Sources */,
				56CA44A4196F203E002B67C0 /* SettingsViewController.m in Sources */,
				56CA4479196F1B16002B67C0 /* FriendRequestViewController.m in Sources */,
				56CA4470196F1B16002B67C0 /* main.m in Sources */,
				56CA449A196F1B47002B67C0 /* ChatRoomViewController.m in Sources */,
				56CA449C196F1B47002B67C0 /* MapViewController.m in Sources */,
			);
			runOnlyForDeploymentPostprocessing = 0;
		};
		56CA447F196F1B16002B67C0 /* Sources */ = {
			isa = PBXSourcesBuildPhase;
			buildActionMask = 2147483647;
			files = (
				56CA448A196F1B16002B67C0 /* FaceSearchTests.m in Sources */,
			);
			runOnlyForDeploymentPostprocessing = 0;
		};
/* End PBXSourcesBuildPhase section */

/* Begin PBXTargetDependency section */
		56CA4485196F1B16002B67C0 /* PBXTargetDependency */ = {
			isa = PBXTargetDependency;
			target = 56CA4469196F1B16002B67C0 /* FaceSearch */;
			targetProxy = 56CA4484196F1B16002B67C0 /* PBXContainerItemProxy */;
		};
/* End PBXTargetDependency section */

/* Begin PBXVariantGroup section */
		56CA447A196F1B16002B67C0 /* Main.storyboard */ = {
			isa = PBXVariantGroup;
			children = (
				56CA447B196F1B16002B67C0 /* Base */,
			);
			name = Main.storyboard;
			sourceTree = "<group>";
		};
/* End PBXVariantGroup section */

/* Begin XCBuildConfiguration section */
		56CA448B196F1B16002B67C0 /* Debug */ = {
			isa = XCBuildConfiguration;
			buildSettings = {
				ALWAYS_SEARCH_USER_PATHS = NO;
				CLANG_CXX_LANGUAGE_STANDARD = "gnu++0x";
				CLANG_CXX_LIBRARY = "libc++";
				CLANG_ENABLE_MODULES = YES;
				CLANG_ENABLE_OBJC_ARC = YES;
				CLANG_WARN_BOOL_CONVERSION = YES;
				CLANG_WARN_CONSTANT_CONVERSION = YES;
				CLANG_WARN_DIRECT_OBJC_ISA_USAGE = YES_ERROR;
				CLANG_WARN_EMPTY_BODY = YES;
				CLANG_WARN_ENUM_CONVERSION = YES;
				CLANG_WARN_INT_CONVERSION = YES;
				CLANG_WARN_OBJC_ROOT_CLASS = YES_ERROR;
				CLANG_WARN_UNREACHABLE_CODE = YES;
				CLANG_WARN__DUPLICATE_METHOD_MATCH = YES;
				"CODE_SIGN_IDENTITY[sdk=iphoneos*]" = "iPhone Developer";
				COPY_PHASE_STRIP = NO;
				ENABLE_STRICT_OBJC_MSGSEND = YES;
				GCC_C_LANGUAGE_STANDARD = gnu99;
				GCC_DYNAMIC_NO_PIC = NO;
				GCC_OPTIMIZATION_LEVEL = 0;
				GCC_PREPROCESSOR_DEFINITIONS = (
					"DEBUG=1",
					"$(inherited)",
				);
				GCC_SYMBOLS_PRIVATE_EXTERN = NO;
				GCC_WARN_64_TO_32_BIT_CONVERSION = YES;
				GCC_WARN_ABOUT_RETURN_TYPE = YES_ERROR;
				GCC_WARN_UNDECLARED_SELECTOR = YES;
				GCC_WARN_UNINITIALIZED_AUTOS = YES_AGGRESSIVE;
				GCC_WARN_UNUSED_FUNCTION = YES;
				GCC_WARN_UNUSED_VARIABLE = YES;
				IPHONEOS_DEPLOYMENT_TARGET = 8.0;
				METAL_ENABLE_DEBUG_INFO = YES;
				ONLY_ACTIVE_ARCH = YES;
				SDKROOT = iphoneos;
			};
			name = Debug;
		};
		56CA448C196F1B16002B67C0 /* Release */ = {
			isa = XCBuildConfiguration;
			buildSettings = {
				ALWAYS_SEARCH_USER_PATHS = NO;
				CLANG_CXX_LANGUAGE_STANDARD = "gnu++0x";
				CLANG_CXX_LIBRARY = "libc++";
				CLANG_ENABLE_MODULES = YES;
				CLANG_ENABLE_OBJC_ARC = YES;
				CLANG_WARN_BOOL_CONVERSION = YES;
				CLANG_WARN_CONSTANT_CONVERSION = YES;
				CLANG_WARN_DIRECT_OBJC_ISA_USAGE = YES_ERROR;
				CLANG_WARN_EMPTY_BODY = YES;
				CLANG_WARN_ENUM_CONVERSION = YES;
				CLANG_WARN_INT_CONVERSION = YES;
				CLANG_WARN_OBJC_ROOT_CLASS = YES_ERROR;
				CLANG_WARN_UNREACHABLE_CODE = YES;
				CLANG_WARN__DUPLICATE_METHOD_MATCH = YES;
				"CODE_SIGN_IDENTITY[sdk=iphoneos*]" = "iPhone Developer";
				COPY_PHASE_STRIP = YES;
				ENABLE_NS_ASSERTIONS = NO;
				ENABLE_STRICT_OBJC_MSGSEND = YES;
				GCC_C_LANGUAGE_STANDARD = gnu99;
				GCC_WARN_64_TO_32_BIT_CONVERSION = YES;
				GCC_WARN_ABOUT_RETURN_TYPE = YES_ERROR;
				GCC_WARN_UNDECLARED_SELECTOR = YES;
				GCC_WARN_UNINITIALIZED_AUTOS = YES_AGGRESSIVE;
				GCC_WARN_UNUSED_FUNCTION = YES;
				GCC_WARN_UNUSED_VARIABLE = YES;
				IPHONEOS_DEPLOYMENT_TARGET = 8.0;
				METAL_ENABLE_DEBUG_INFO = NO;
				SDKROOT = iphoneos;
				VALIDATE_PRODUCT = YES;
			};
			name = Release;
		};
		56CA448E196F1B16002B67C0 /* Debug */ = {
			isa = XCBuildConfiguration;
			buildSettings = {
				ASSETCATALOG_COMPILER_APPICON_NAME = AppIcon;
				ASSETCATALOG_COMPILER_LAUNCHIMAGE_NAME = LaunchImage;
				INFOPLIST_FILE = FaceSearch/Info.plist;
				LD_RUNPATH_SEARCH_PATHS = "$(inherited) @executable_path/Frameworks";
				PRODUCT_NAME = "$(TARGET_NAME)";
			};
			name = Debug;
		};
		56CA448F196F1B16002B67C0 /* Release */ = {
			isa = XCBuildConfiguration;
			buildSettings = {
				ASSETCATALOG_COMPILER_APPICON_NAME = AppIcon;
				ASSETCATALOG_COMPILER_LAUNCHIMAGE_NAME = LaunchImage;
				INFOPLIST_FILE = FaceSearch/Info.plist;
				LD_RUNPATH_SEARCH_PATHS = "$(inherited) @executable_path/Frameworks";
				PRODUCT_NAME = "$(TARGET_NAME)";
			};
			name = Release;
		};
		56CA4491196F1B16002B67C0 /* Debug */ = {
			isa = XCBuildConfiguration;
			buildSettings = {
				BUNDLE_LOADER = "$(BUILT_PRODUCTS_DIR)/FaceSearch.app/FaceSearch";
				FRAMEWORK_SEARCH_PATHS = (
					"$(SDKROOT)/Developer/Library/Frameworks",
					"$(inherited)",
				);
				GCC_PREPROCESSOR_DEFINITIONS = (
					"DEBUG=1",
					"$(inherited)",
				);
				INFOPLIST_FILE = FaceSearchTests/Info.plist;
				LD_RUNPATH_SEARCH_PATHS = "$(inherited) @executable_path/Frameworks @loader_path/Frameworks";
				METAL_ENABLE_DEBUG_INFO = YES;
				PRODUCT_NAME = "$(TARGET_NAME)";
				TEST_HOST = "$(BUNDLE_LOADER)";
			};
			name = Debug;
		};
		56CA4492196F1B16002B67C0 /* Release */ = {
			isa = XCBuildConfiguration;
			buildSettings = {
				BUNDLE_LOADER = "$(BUILT_PRODUCTS_DIR)/FaceSearch.app/FaceSearch";
				FRAMEWORK_SEARCH_PATHS = (
					"$(SDKROOT)/Developer/Library/Frameworks",
					"$(inherited)",
				);
				INFOPLIST_FILE = FaceSearchTests/Info.plist;
				LD_RUNPATH_SEARCH_PATHS = "$(inherited) @executable_path/Frameworks @loader_path/Frameworks";
				METAL_ENABLE_DEBUG_INFO = NO;
				PRODUCT_NAME = "$(TARGET_NAME)";
				TEST_HOST = "$(BUNDLE_LOADER)";
			};
			name = Release;
		};
/* End XCBuildConfiguration section */

/* Begin XCConfigurationList section */
		56CA4465196F1B16002B67C0 /* Build configuration list for PBXProject "FaceSearch" */ = {
			isa = XCConfigurationList;
			buildConfigurations = (
				56CA448B196F1B16002B67C0 /* Debug */,
				56CA448C196F1B16002B67C0 /* Release */,
			);
			defaultConfigurationIsVisible = 0;
			defaultConfigurationName = Release;
		};
		56CA448D196F1B16002B67C0 /* Build configuration list for PBXNativeTarget "FaceSearch" */ = {
			isa = XCConfigurationList;
			buildConfigurations = (
				56CA448E196F1B16002B67C0 /* Debug */,
				56CA448F196F1B16002B67C0 /* Release */,
			);
			defaultConfigurationIsVisible = 0;
			defaultConfigurationName = Release;
		};
		56CA4490196F1B16002B67C0 /* Build configuration list for PBXNativeTarget "FaceSearchTests" */ = {
			isa = XCConfigurationList;
			buildConfigurations = (
				56CA4491196F1B16002B67C0 /* Debug */,
				56CA4492196F1B16002B67C0 /* Release */,
			);
			defaultConfigurationIsVisible = 0;
			defaultConfigurationName = Release;
		};
/* End XCConfigurationList section */

/* Begin XCVersionGroup section */
		56CA4474196F1B16002B67C0 /* FaceSearch.xcdatamodeld */ = {
			isa = XCVersionGroup;
			children = (
				56CA4475196F1B16002B67C0 /* FaceSearch.xcdatamodel */,
			);
			currentVersion = 56CA4475196F1B16002B67C0 /* FaceSearch.xcdatamodel */;
			path = FaceSearch.xcdatamodeld;
			sourceTree = "<group>";
			versionGroupType = wrapper.xcdatamodel;
		};
/* End XCVersionGroup section */
	};
	rootObject = 56CA4462196F1B16002B67C0 /* Project object */;
}
